
Microsoft Visual Studio Solution File, Format Version 12.00
# Visual Studio Version 16
VisualStudioVersion = 16.0.33423.256
MinimumVisualStudioVersion = 10.0.40219.1
Project("{FAE04EC0-301F-11D3-BF4B-00C04F79EFBC}") = "qldsv", "qldsv\qldsv.csproj", "{2F8D5C3F-C4C4-4E01-988B-A39503675866}"
EndProject
Global
	GlobalSection(SolutionConfigurationPlatforms) = preSolution
		Debug|Any CPU = Debug|Any CPU
		Release|Any CPU = Release|Any CPU
	EndGlobalSection
	GlobalSection(ProjectConfigurationPlatforms) = postSolution
		{2F8D5C3F-C4C4-4E01-988B-A39503675866}.Debug|Any CPU.ActiveCfg = Debug|Any CPU
		{2F8D5C3F-C4C4-4E01-988B-A39503675866}.Debug|Any CPU.Build.0 = Debug|Any CPU
		{2F8D5C3F-C4C4-4E01-988B-A39503675866}.Release|Any CPU.ActiveCfg = Release|Any CPU
		{2F8D5C3F-C4C4-4E01-988B-A39503675866}.Release|Any CPU.Build.0 = Release|Any CPU
	EndGlobalSection
	GlobalSection(SolutionProperties) = preSolution
		HideSolutionNode = FALSE
	EndGlobalSection
	GlobalSection(ExtensibilityGlobals) = postSolution
		SolutionGuid = {80A38872-C8FA-4619-8D00-AA280266D479}
	EndGlobalSection
EndGlobal
